
Microsoft Visual Studio Solution File, Format Version 12.00
# Visual Studio Version 17
VisualStudioVersion = 17.5.2.0
MinimumVisualStudioVersion = 10.0.40219.1
Project("{FAE04EC0-301F-11D3-BF4B-00C04F79EFBC}") = "HabitTrackerWeb", "HabitTrackerWeb.csproj", "{76B3DEDF-4DFC-BAFE-6409-C70710259F17}"
EndProject
Project("{FAE04EC0-301F-11D3-BF4B-00C04F79EFBC}") = "HabitTrackerWeb.Tests", "HabitTrackerWeb.Tests\HabitTrackerWeb.Tests.csproj", "{63C2EC77-EB8F-48A4-BF43-34FED6A7AE20}"
EndProject
Global
	GlobalSection(SolutionConfigurationPlatforms) = preSolution
		Debug|Any CPU = Debug|Any CPU
		Debug|x64 = Debug|x64
		Debug|x86 = Debug|x86
		Release|Any CPU = Release|Any CPU
		Release|x64 = Release|x64
		Release|x86 = Release|x86
	EndGlobalSection
	GlobalSection(ProjectConfigurationPlatforms) = postSolution
		{76B3DEDF-4DFC-BAFE-6409-C70710259F17}.Debug|Any CPU.ActiveCfg = Debug|Any CPU
		{76B3DEDF-4DFC-BAFE-6409-C70710259F17}.Debug|Any CPU.Build.0 = Debug|Any CPU
		{76B3DEDF-4DFC-BAFE-6409-C70710259F17}.Debug|x64.ActiveCfg = Debug|Any CPU
		{76B3DEDF-4DFC-BAFE-6409-C70710259F17}.Debug|x64.Build.0 = Debug|Any CPU
		{76B3DEDF-4DFC-BAFE-6409-C70710259F17}.Debug|x86.ActiveCfg = Debug|Any CPU
		{76B3DEDF-4DFC-BAFE-6409-C70710259F17}.Debug|x86.Build.0 = Debug|Any CPU
		{76B3DEDF-4DFC-BAFE-6409-C70710259F17}.Release|Any CPU.ActiveCfg = Release|Any CPU
		{76B3DEDF-4DFC-BAFE-6409-C70710259F17}.Release|Any CPU.Build.0 = Release|Any CPU
		{76B3DEDF-4DFC-BAFE-6409-C70710259F17}.Release|x64.ActiveCfg = Release|Any CPU
		{76B3DEDF-4DFC-BAFE-6409-C70710259F17}.Release|x64.Build.0 = Release|Any CPU
		{76B3DEDF-4DFC-BAFE-6409-C70710259F17}.Release|x86.ActiveCfg = Release|Any CPU
		{76B3DEDF-4DFC-BAFE-6409-C70710259F17}.Release|x86.Build.0 = Release|Any CPU
		{63C2EC77-EB8F-48A4-BF43-34FED6A7AE20}.Debug|Any CPU.ActiveCfg = Debug|Any CPU
		{63C2EC77-EB8F-48A4-BF43-34FED6A7AE20}.Debug|Any CPU.Build.0 = Debug|Any CPU
		{63C2EC77-EB8F-48A4-BF43-34FED6A7AE20}.Debug|x64.ActiveCfg = Debug|Any CPU
		{63C2EC77-EB8F-48A4-BF43-34FED6A7AE20}.Debug|x64.Build.0 = Debug|Any CPU
		{63C2EC77-EB8F-48A4-BF43-34FED6A7AE20}.Debug|x86.ActiveCfg = Debug|Any CPU
		{63C2EC77-EB8F-48A4-BF43-34FED6A7AE20}.Debug|x86.Build.0 = Debug|Any CPU
		{63C2EC77-EB8F-48A4-BF43-34FED6A7AE20}.Release|Any CPU.ActiveCfg = Release|Any CPU
		{63C2EC77-EB8F-48A4-BF43-34FED6A7AE20}.Release|Any CPU.Build.0 = Release|Any CPU
		{63C2EC77-EB8F-48A4-BF43-34FED6A7AE20}.Release|x64.ActiveCfg = Release|Any CPU
		{63C2EC77-EB8F-48A4-BF43-34FED6A7AE20}.Release|x64.Build.0 = Release|Any CPU
		{63C2EC77-EB8F-48A4-BF43-34FED6A7AE20}.Release|x86.ActiveCfg = Release|Any CPU
		{63C2EC77-EB8F-48A4-BF43-34FED6A7AE20}.Release|x86.Build.0 = Release|Any CPU
	EndGlobalSection
	GlobalSection(SolutionProperties) = preSolution
		HideSolutionNode = FALSE
	EndGlobalSection
	GlobalSection(ExtensibilityGlobals) = postSolution
		SolutionGuid = {5E4CDEA9-6B2E-46B3-AF27-620DC90BC433}
	EndGlobalSection
EndGlobal
